// !$*UTF8*$!
{
	archiveVersion = 1;
	classes = {
	};
	objectVersion = 56;
	objects = {

/* Begin PBXBuildFile section */
		00BAAAB49755D0A4A036CC98 /* AgentUsageFlowChartView.swift in Sources */ = {isa = PBXBuildFile; fileRef = 2E19C8A7C53EE76424F8261D /* AgentUsageFlowChartView.swift */; };
		100000000000000000000001 /* AppVersionInfoTests.swift in Sources */ = {isa = PBXBuildFile; fileRef = 100000000000000000000002 /* AppVersionInfoTests.swift */; };
		100000000000000000000010 /* AppVersionInfo.swift in Sources */ = {isa = PBXBuildFile; fileRef = 100000000000000000000011 /* AppVersionInfo.swift */; };
		100000000000000000000012 /* OpenCodeUsageModelsTests.swift in Sources */ = {isa = PBXBuildFile; fileRef = 100000000000000000000013 /* OpenCodeUsageModelsTests.swift */; };
		100000000000000000000014 /* AgentUsageSettings.swift in Sources */ = {isa = PBXBuildFile; fileRef = 100000000000000000000015 /* AgentUsageSettings.swift */; };
		100000000000000000000016 /* OpenCodeUsageModels.swift in Sources */ = {isa = PBXBuildFile; fileRef = 100000000000000000000017 /* OpenCodeUsageModels.swift */; };
		100000000000000000000018 /* OpenCodeUsageStoreTests.swift in Sources */ = {isa = PBXBuildFile; fileRef = 100000000000000000000019 /* OpenCodeUsageStoreTests.swift */; };
		100000000000000000000020 /* OpenCodeUsageStore.swift in Sources */ = {isa = PBXBuildFile; fileRef = 100000000000000000000021 /* OpenCodeUsageStore.swift */; };
		100000000000000000000023 /* libsqlite3.tbd in Frameworks */ = {isa = PBXBuildFile; fileRef = 100000000000000000000022 /* libsqlite3.tbd */; };
		100000000000000000000024 /* SearchableSelectorView.swift in Sources */ = {isa = PBXBuildFile; fileRef = 100000000000000000000025 /* SearchableSelectorView.swift */; };
		100000000000000000000026 /* AgentUsageView.swift in Sources */ = {isa = PBXBuildFile; fileRef = 100000000000000000000027 /* AgentUsageView.swift */; };
		1E8C3E43906EADF24F9049D7 /* AgentUsageModels.swift in Sources */ = {isa = PBXBuildFile; fileRef = 8C9E7FA5E6B5FCE1782E6A79 /* AgentUsageModels.swift */; };
		229BCC11D5ADFBEF23559033 /* AgentUsageStore.swift in Sources */ = {isa = PBXBuildFile; fileRef = F0C6D449A8DD3CE9D9E29DD1 /* AgentUsageStore.swift */; };
		37738B59E3B191F1EEB94103 /* CodexSessionDetailView.swift in Sources */ = {isa = PBXBuildFile; fileRef = B007A3ED0FFE322101E5A062 /* CodexSessionDetailView.swift */; };
		525A1EB1F76074255369A695 /* PopoverView.swift in Sources */ = {isa = PBXBuildFile; fileRef = AA980FBEA1D307BF1D9029C4 /* PopoverView.swift */; };
		5A719041E1765C36567D7A11 /* ThemeManager.swift in Sources */ = {isa = PBXBuildFile; fileRef = 3FB397EBE240C8353EC016DA /* ThemeManager.swift */; };
		74B9298B2AA19B4C00000001 /* OverviewView.swift in Sources */ = {isa = PBXBuildFile; fileRef = 74B9298B2AA19B4C00000002 /* OverviewView.swift */; };
		7AADA80822F93F3D5868C183 /* ProcessRowView.swift in Sources */ = {isa = PBXBuildFile; fileRef = D2B8E428856D7EE94F023A57 /* ProcessRowView.swift */; };
		87775D63AF62B6C3FD26CC5E /* ProcessListView.swift in Sources */ = {isa = PBXBuildFile; fileRef = D5E13F313BF0BF6C9AB4FEED /* ProcessListView.swift */; };
		8B7C4D9E2F5A8C1B3E9D7F2A /* SettingsView.swift in Sources */ = {isa = PBXBuildFile; fileRef = 9C8E5F1A2D4B6C3E7F9A1B2C /* SettingsView.swift */; };
		8C5A31BAE41545DC9F94B7F6 /* CodexUsageQuery.swift in Sources */ = {isa = PBXBuildFile; fileRef = 12BD773DAB18A3F2CBAFDF1E /* CodexUsageQuery.swift */; };
		AA000001000000000000001A /* AppDelegate.swift in Sources */ = {isa = PBXBuildFile; fileRef = AA000001000000000000001B /* AppDelegate.swift */; };
		AA000001000000000000002A /* main.swift in Sources */ = {isa = PBXBuildFile; fileRef = AA000001000000000000002B /* main.swift */; };
		AA000002000000000000001A /* CPUMonitor.swift in Sources */ = {isa = PBXBuildFile; fileRef = AA000002000000000000001B /* CPUMonitor.swift */; };
		AA000002000000000000002A /* SystemMonitor.swift in Sources */ = {isa = PBXBuildFile; fileRef = AA000002000000000000002B /* SystemMonitor.swift */; };
		AA000003000000000000001A /* MemoryMonitor.swift in Sources */ = {isa = PBXBuildFile; fileRef = AA000003000000000000001B /* MemoryMonitor.swift */; };
		AA000004000000000000001A /* GPUMonitor.swift in Sources */ = {isa = PBXBuildFile; fileRef = AA000004000000000000001B /* GPUMonitor.swift */; };
		AA000004000000000000002A /* IOKit.framework in Frameworks */ = {isa = PBXBuildFile; fileRef = AA000004000000000000002B /* IOKit.framework */; };
		AA000005000000000000001A /* ProcessMonitor.swift in Sources */ = {isa = PBXBuildFile; fileRef = AA000005000000000000001B /* ProcessMonitor.swift */; };
		AA0000AA000000000000001A /* Assets.xcassets in Resources */ = {isa = PBXBuildFile; fileRef = AA0000AA000000000000001B /* Assets.xcassets */; };
		BE927B2A06123921C62EE3A0 /* CodexUsageModels.swift in Sources */ = {isa = PBXBuildFile; fileRef = A555DA5BBA52686079843F84 /* CodexUsageModels.swift */; };
		BF2915F50115C7E2E9B4DEB8 /* AgentSourcePicker.swift in Sources */ = {isa = PBXBuildFile; fileRef = 301784F7059433DCC99F2522 /* AgentSourcePicker.swift */; };
		D98CBA8351C60215F3CA2407 /* Colors.swift in Sources */ = {isa = PBXBuildFile; fileRef = 7F0AF3A5FD812F2D9B5A56FA /* Colors.swift */; };
		F748EE5CBA34548DA18832EA /* MetricRowView.swift in Sources */ = {isa = PBXBuildFile; fileRef = F2862347E446D893F932051E /* MetricRowView.swift */; };
/* End PBXBuildFile section */

/* Begin PBXContainerItemProxy section */
		100000000000000000000003 /* PBXContainerItemProxy */ = {
			isa = PBXContainerItemProxy;
			containerPortal = AA00000100000000000000EA /* Project object */;
			proxyType = 1;
			remoteGlobalIDString = AA00000100000000000000AA;
			remoteInfo = pulse;
		};
/* End PBXContainerItemProxy section */

/* Begin PBXFileReference section */
		100000000000000000000002 /* AppVersionInfoTests.swift */ = {isa = PBXFileReference; lastKnownFileType = sourcecode.swift; path = AppVersionInfoTests.swift; sourceTree = "<group>"; };
		100000000000000000000004 /* pulseTests.xctest */ = {isa = PBXFileReference; explicitFileType = wrapper.cfbundle; includeInIndex = 0; path = pulseTests.xctest; sourceTree = BUILT_PRODUCTS_DIR; };
		100000000000000000000011 /* AppVersionInfo.swift */ = {isa = PBXFileReference; lastKnownFileType = sourcecode.swift; path = Managers/AppVersionInfo.swift; sourceTree = "<group>"; };
		100000000000000000000013 /* OpenCodeUsageModelsTests.swift */ = {isa = PBXFileReference; lastKnownFileType = sourcecode.swift; path = OpenCodeUsageModelsTests.swift; sourceTree = "<group>"; };
		100000000000000000000015 /* AgentUsageSettings.swift */ = {isa = PBXFileReference; lastKnownFileType = sourcecode.swift; path = Managers/AgentUsageSettings.swift; sourceTree = "<group>"; };
		100000000000000000000017 /* OpenCodeUsageModels.swift */ = {isa = PBXFileReference; lastKnownFileType = sourcecode.swift; path = Managers/OpenCodeUsageModels.swift; sourceTree = "<group>"; };
		100000000000000000000019 /* OpenCodeUsageStoreTests.swift */ = {isa = PBXFileReference; lastKnownFileType = sourcecode.swift; path = OpenCodeUsageStoreTests.swift; sourceTree = "<group>"; };
		100000000000000000000021 /* OpenCodeUsageStore.swift */ = {isa = PBXFileReference; lastKnownFileType = sourcecode.swift; path = Managers/OpenCodeUsageStore.swift; sourceTree = "<group>"; };
		100000000000000000000022 /* libsqlite3.tbd */ = {isa = PBXFileReference; lastKnownFileType = "sourcecode.text-based-dylib-definition"; name = libsqlite3.tbd; path = usr/lib/libsqlite3.tbd; sourceTree = SDKROOT; };
		100000000000000000000025 /* SearchableSelectorView.swift */ = {isa = PBXFileReference; lastKnownFileType = sourcecode.swift; path = SearchableSelectorView.swift; sourceTree = "<group>"; };
		100000000000000000000027 /* AgentUsageView.swift */ = {isa = PBXFileReference; lastKnownFileType = sourcecode.swift; path = AgentUsageView.swift; sourceTree = "<group>"; };
		12BD773DAB18A3F2CBAFDF1E /* CodexUsageQuery.swift */ = {isa = PBXFileReference; includeInIndex = 1; lastKnownFileType = sourcecode.swift; path = Managers/CodexUsageQuery.swift; sourceTree = "<group>"; };
		2E19C8A7C53EE76424F8261D /* AgentUsageFlowChartView.swift */ = {isa = PBXFileReference; includeInIndex = 1; lastKnownFileType = sourcecode.swift; path = AgentUsageFlowChartView.swift; sourceTree = "<group>"; };
		301784F7059433DCC99F2522 /* AgentSourcePicker.swift */ = {isa = PBXFileReference; includeInIndex = 1; lastKnownFileType = sourcecode.swift; path = AgentSourcePicker.swift; sourceTree = "<group>"; };
		3FB397EBE240C8353EC016DA /* ThemeManager.swift */ = {isa = PBXFileReference; includeInIndex = 1; lastKnownFileType = sourcecode.swift; path = Managers/ThemeManager.swift; sourceTree = "<group>"; };
		74B9298B2AA19B4C00000002 /* OverviewView.swift */ = {isa = PBXFileReference; lastKnownFileType = sourcecode.swift; path = OverviewView.swift; sourceTree = "<group>"; };
		7F0AF3A5FD812F2D9B5A56FA /* Colors.swift */ = {isa = PBXFileReference; includeInIndex = 1; lastKnownFileType = sourcecode.swift; path = Colors.swift; sourceTree = "<group>"; };
		8C9E7FA5E6B5FCE1782E6A79 /* AgentUsageModels.swift */ = {isa = PBXFileReference; includeInIndex = 1; lastKnownFileType = sourcecode.swift; path = Managers/AgentUsageModels.swift; sourceTree = "<group>"; };
		9C8E5F1A2D4B6C3E7F9A1B2C /* SettingsView.swift */ = {isa = PBXFileReference; includeInIndex = 1; lastKnownFileType = sourcecode.swift; path = SettingsView.swift; sourceTree = "<group>"; };
		A555DA5BBA52686079843F84 /* CodexUsageModels.swift */ = {isa = PBXFileReference; includeInIndex = 1; lastKnownFileType = sourcecode.swift; path = Managers/CodexUsageModels.swift; sourceTree = "<group>"; };
		AA000001000000000000001B /* AppDelegate.swift */ = {isa = PBXFileReference; lastKnownFileType = sourcecode.swift; path = AppDelegate.swift; sourceTree = "<group>"; };
		AA000001000000000000002B /* main.swift */ = {isa = PBXFileReference; lastKnownFileType = sourcecode.swift; path = main.swift; sourceTree = "<group>"; };
		AA000001000000000000003B /* Info.plist */ = {isa = PBXFileReference; lastKnownFileType = text.plist.xml; path = Info.plist; sourceTree = "<group>"; };
		AA000001000000000000004B /* pulse.app */ = {isa = PBXFileReference; explicitFileType = wrapper.application; includeInIndex = 0; path = pulse.app; sourceTree = BUILT_PRODUCTS_DIR; };
		AA000002000000000000001B /* CPUMonitor.swift */ = {isa = PBXFileReference; lastKnownFileType = sourcecode.swift; path = CPUMonitor.swift; sourceTree = "<group>"; };
		AA000002000000000000002B /* SystemMonitor.swift */ = {isa = PBXFileReference; lastKnownFileType = sourcecode.swift; path = SystemMonitor.swift; sourceTree = "<group>"; };
		AA000003000000000000001B /* MemoryMonitor.swift */ = {isa = PBXFileReference; lastKnownFileType = sourcecode.swift; path = MemoryMonitor.swift; sourceTree = "<group>"; };
		AA000004000000000000001B /* GPUMonitor.swift */ = {isa = PBXFileReference; lastKnownFileType = sourcecode.swift; path = GPUMonitor.swift; sourceTree = "<group>"; };
		AA000004000000000000002B /* IOKit.framework */ = {isa = PBXFileReference; lastKnownFileType = wrapper.framework; name = IOKit.framework; path = System/Library/Frameworks/IOKit.framework; sourceTree = SDKROOT; };
		AA000005000000000000001B /* ProcessMonitor.swift */ = {isa = PBXFileReference; lastKnownFileType = sourcecode.swift; path = ProcessMonitor.swift; sourceTree = "<group>"; };
		AA0000AA000000000000001B /* Assets.xcassets */ = {isa = PBXFileReference; lastKnownFileType = folder.assetcatalog; path = Assets.xcassets; sourceTree = "<group>"; };
		AA980FBEA1D307BF1D9029C4 /* PopoverView.swift */ = {isa = PBXFileReference; includeInIndex = 1; lastKnownFileType = sourcecode.swift; path = PopoverView.swift; sourceTree = "<group>"; };
		B007A3ED0FFE322101E5A062 /* CodexSessionDetailView.swift */ = {isa = PBXFileReference; includeInIndex = 1; lastKnownFileType = sourcecode.swift; path = CodexSessionDetailView.swift; sourceTree = "<group>"; };
		D2B8E428856D7EE94F023A57 /* ProcessRowView.swift */ = {isa = PBXFileReference; includeInIndex = 1; lastKnownFileType = sourcecode.swift; path = ProcessRowView.swift; sourceTree = "<group>"; };
		D5E13F313BF0BF6C9AB4FEED /* ProcessListView.swift */ = {isa = PBXFileReference; includeInIndex = 1; lastKnownFileType = sourcecode.swift; path = ProcessListView.swift; sourceTree = "<group>"; };
		F0C6D449A8DD3CE9D9E29DD1 /* AgentUsageStore.swift */ = {isa = PBXFileReference; includeInIndex = 1; lastKnownFileType = sourcecode.swift; path = Managers/AgentUsageStore.swift; sourceTree = "<group>"; };
		F2862347E446D893F932051E /* MetricRowView.swift */ = {isa = PBXFileReference; includeInIndex = 1; lastKnownFileType = sourcecode.swift; path = MetricRowView.swift; sourceTree = "<group>"; };
/* End PBXFileReference section */

/* Begin PBXFrameworksBuildPhase section */
		100000000000000000000005 /* Frameworks */ = {
			isa = PBXFrameworksBuildPhase;
			buildActionMask = 2147483647;
			files = (
			);
			runOnlyForDeploymentPostprocessing = 0;
		};
		AA000001000000000000005A /* Frameworks */ = {
			isa = PBXFrameworksBuildPhase;
			buildActionMask = 2147483647;
			files = (
				100000000000000000000023 /* libsqlite3.tbd in Frameworks */,
				AA000004000000000000002A /* IOKit.framework in Frameworks */,
			);
			runOnlyForDeploymentPostprocessing = 0;
		};
/* End PBXFrameworksBuildPhase section */

/* Begin PBXGroup section */
		100000000000000000000006 /* pulseTests */ = {
			isa = PBXGroup;
			children = (
				100000000000000000000002 /* AppVersionInfoTests.swift */,
				100000000000000000000013 /* OpenCodeUsageModelsTests.swift */,
				100000000000000000000019 /* OpenCodeUsageStoreTests.swift */,
			);
			path = pulseTests;
			sourceTree = "<group>";
		};
		5FBA87F2FBD639833E1B72BD /* Managers */ = {
			isa = PBXGroup;
			children = (
				100000000000000000000015 /* AgentUsageSettings.swift */,
				100000000000000000000011 /* AppVersionInfo.swift */,
				100000000000000000000017 /* OpenCodeUsageModels.swift */,
				100000000000000000000021 /* OpenCodeUsageStore.swift */,
				3FB397EBE240C8353EC016DA /* ThemeManager.swift */,
				A555DA5BBA52686079843F84 /* CodexUsageModels.swift */,
				8C9E7FA5E6B5FCE1782E6A79 /* AgentUsageModels.swift */,
				12BD773DAB18A3F2CBAFDF1E /* CodexUsageQuery.swift */,
				F0C6D449A8DD3CE9D9E29DD1 /* AgentUsageStore.swift */,
			);
			name = Managers;
			sourceTree = "<group>";
		};
		A38A27BDCD6368AA1E404A13 /* Views */ = {
			isa = PBXGroup;
			children = (
				100000000000000000000027 /* AgentUsageView.swift */,
				7F0AF3A5FD812F2D9B5A56FA /* Colors.swift */,
				F2862347E446D893F932051E /* MetricRowView.swift */,
				74B9298B2AA19B4C00000002 /* OverviewView.swift */,
				D2B8E428856D7EE94F023A57 /* ProcessRowView.swift */,
				D5E13F313BF0BF6C9AB4FEED /* ProcessListView.swift */,
				AA980FBEA1D307BF1D9029C4 /* PopoverView.swift */,
				100000000000000000000025 /* SearchableSelectorView.swift */,
				9C8E5F1A2D4B6C3E7F9A1B2C /* SettingsView.swift */,
				301784F7059433DCC99F2522 /* AgentSourcePicker.swift */,
				B007A3ED0FFE322101E5A062 /* CodexSessionDetailView.swift */,
				2E19C8A7C53EE76424F8261D /* AgentUsageFlowChartView.swift */,
			);
			name = Views;
			path = Views;
			sourceTree = "<group>";
		};
		AA000001000000000000006A /* Products */ = {
			isa = PBXGroup;
			children = (
				AA000001000000000000004B /* pulse.app */,
				100000000000000000000004 /* pulseTests.xctest */,
			);
			name = Products;
			sourceTree = "<group>";
		};
		AA000001000000000000007A /* App */ = {
			isa = PBXGroup;
			children = (
				AA000001000000000000001B /* AppDelegate.swift */,
				AA000001000000000000002B /* main.swift */,
			);
			path = App;
			sourceTree = "<group>";
		};
		AA000001000000000000008A /* pulse */ = {
			isa = PBXGroup;
			children = (
				AA000001000000000000007A /* App */,
				AA000002000000000000003A /* Monitors */,
				AA000001000000000000003B /* Info.plist */,
				A38A27BDCD6368AA1E404A13 /* Views */,
				5FBA87F2FBD639833E1B72BD /* Managers */,
				AA0000AA000000000000001B /* Assets.xcassets */,
			);
			path = pulse;
			sourceTree = "<group>";
		};
		AA000001000000000000009A = {
			isa = PBXGroup;
			children = (
				AA000001000000000000008A /* pulse */,
				100000000000000000000006 /* pulseTests */,
				AA000001000000000000006A /* Products */,
			);
			sourceTree = "<group>";
		};
		AA000002000000000000003A /* Monitors */ = {
			isa = PBXGroup;
			children = (
				AA000002000000000000001B /* CPUMonitor.swift */,
				AA000002000000000000002B /* SystemMonitor.swift */,
				AA000003000000000000001B /* MemoryMonitor.swift */,
				AA000004000000000000001B /* GPUMonitor.swift */,
				AA000005000000000000001B /* ProcessMonitor.swift */,
			);
			path = Monitors;
			sourceTree = "<group>";
		};
/* End PBXGroup section */

/* Begin PBXNativeTarget section */
		100000000000000000000007 /* pulseTests */ = {
			isa = PBXNativeTarget;
			buildConfigurationList = 100000000000000000000008 /* Build configuration list for PBXNativeTarget "pulseTests" */;
			buildPhases = (
				100000000000000000000009 /* Sources */,
				100000000000000000000005 /* Frameworks */,
				10000000000000000000000A /* Resources */,
			);
			buildRules = (
			);
			dependencies = (
				10000000000000000000000B /* PBXTargetDependency */,
			);
			name = pulseTests;
			productName = pulseTests;
			productReference = 100000000000000000000004 /* pulseTests.xctest */;
			productType = "com.apple.product-type.bundle.unit-test";
		};
		AA00000100000000000000AA /* pulse */ = {
			isa = PBXNativeTarget;
			buildConfigurationList = AA00000100000000000000BA /* Build configuration list for PBXNativeTarget "pulse" */;
			buildPhases = (
				AA00000100000000000000CA /* Sources */,
				AA000001000000000000005A /* Frameworks */,
				AA00000100000000000000DA /* Resources */,
			);
			buildRules = (
			);
			dependencies = (
			);
			name = pulse;
			productName = pulse;
			productReference = AA000001000000000000004B /* pulse.app */;
			productType = "com.apple.product-type.application";
		};
/* End PBXNativeTarget section */

/* Begin PBXProject section */
		AA00000100000000000000EA /* Project object */ = {
			isa = PBXProject;
			attributes = {
				BuildIndependentTargetsInParallel = 1;
				LastSwiftUpdateCheck = 1600;
				LastUpgradeCheck = 1600;
				TargetAttributes = {
					100000000000000000000007 = {
						CreatedOnToolsVersion = 16.0;
						TestTargetID = AA00000100000000000000AA;
					};
					AA00000100000000000000AA = {
						CreatedOnToolsVersion = 16.0;
					};
				};
			};
			buildConfigurationList = AA00000100000000000000FA /* Build configuration list for PBXProject "pulse" */;
			compatibilityVersion = "Xcode 14.0";
			developmentRegion = en;
			hasScannedForEncodings = 0;
			knownRegions = (
				en,
				Base,
			);
			mainGroup = AA000001000000000000009A;
			productRefGroup = AA000001000000000000006A /* Products */;
			projectDirPath = "";
			projectRoot = "";
			targets = (
				AA00000100000000000000AA /* pulse */,
				100000000000000000000007 /* pulseTests */,
			);
		};
/* End PBXProject section */

/* Begin PBXResourcesBuildPhase section */
		10000000000000000000000A /* Resources */ = {
			isa = PBXResourcesBuildPhase;
			buildActionMask = 2147483647;
			files = (
			);
			runOnlyForDeploymentPostprocessing = 0;
		};
		AA00000100000000000000DA /* Resources */ = {
			isa = PBXResourcesBuildPhase;
			buildActionMask = 2147483647;
			files = (
				AA0000AA000000000000001A /* Assets.xcassets in Resources */,
			);
			runOnlyForDeploymentPostprocessing = 0;
		};
/* End PBXResourcesBuildPhase section */

/* Begin PBXSourcesBuildPhase section */
		100000000000000000000009 /* Sources */ = {
			isa = PBXSourcesBuildPhase;
			buildActionMask = 2147483647;
			files = (
				100000000000000000000001 /* AppVersionInfoTests.swift in Sources */,
				100000000000000000000012 /* OpenCodeUsageModelsTests.swift in Sources */,
				100000000000000000000018 /* OpenCodeUsageStoreTests.swift in Sources */,
			);
			runOnlyForDeploymentPostprocessing = 0;
		};
		AA00000100000000000000CA /* Sources */ = {
			isa = PBXSourcesBuildPhase;
			buildActionMask = 2147483647;
			files = (
				AA000001000000000000001A /* AppDelegate.swift in Sources */,
				AA000001000000000000002A /* main.swift in Sources */,
				AA000002000000000000001A /* CPUMonitor.swift in Sources */,
				AA000002000000000000002A /* SystemMonitor.swift in Sources */,
				AA000003000000000000001A /* MemoryMonitor.swift in Sources */,
				AA000004000000000000001A /* GPUMonitor.swift in Sources */,
				AA000005000000000000001A /* ProcessMonitor.swift in Sources */,
				D98CBA8351C60215F3CA2407 /* Colors.swift in Sources */,
				F748EE5CBA34548DA18832EA /* MetricRowView.swift in Sources */,
				74B9298B2AA19B4C00000001 /* OverviewView.swift in Sources */,
				100000000000000000000026 /* AgentUsageView.swift in Sources */,
				7AADA80822F93F3D5868C183 /* ProcessRowView.swift in Sources */,
				87775D63AF62B6C3FD26CC5E /* ProcessListView.swift in Sources */,
				525A1EB1F76074255369A695 /* PopoverView.swift in Sources */,
				100000000000000000000024 /* SearchableSelectorView.swift in Sources */,
				100000000000000000000014 /* AgentUsageSettings.swift in Sources */,
				100000000000000000000010 /* AppVersionInfo.swift in Sources */,
				100000000000000000000016 /* OpenCodeUsageModels.swift in Sources */,
				100000000000000000000020 /* OpenCodeUsageStore.swift in Sources */,
				5A719041E1765C36567D7A11 /* ThemeManager.swift in Sources */,
				8B7C4D9E2F5A8C1B3E9D7F2A /* SettingsView.swift in Sources */,
				BE927B2A06123921C62EE3A0 /* CodexUsageModels.swift in Sources */,
				1E8C3E43906EADF24F9049D7 /* AgentUsageModels.swift in Sources */,
				8C5A31BAE41545DC9F94B7F6 /* CodexUsageQuery.swift in Sources */,
				BF2915F50115C7E2E9B4DEB8 /* AgentSourcePicker.swift in Sources */,
				229BCC11D5ADFBEF23559033 /* AgentUsageStore.swift in Sources */,
				37738B59E3B191F1EEB94103 /* CodexSessionDetailView.swift in Sources */,
				00BAAAB49755D0A4A036CC98 /* AgentUsageFlowChartView.swift in Sources */,
			);
			runOnlyForDeploymentPostprocessing = 0;
		};
/* End PBXSourcesBuildPhase section */

/* Begin PBXTargetDependency section */
		10000000000000000000000B /* PBXTargetDependency */ = {
			isa = PBXTargetDependency;
			target = AA00000100000000000000AA /* pulse */;
			targetProxy = 100000000000000000000003 /* PBXContainerItemProxy */;
		};
/* End PBXTargetDependency section */

/* Begin XCBuildConfiguration section */
		10000000000000000000000C /* Debug */ = {
			isa = XCBuildConfiguration;
			buildSettings = {
				BUNDLE_LOADER = "$(TEST_HOST)";
				CODE_SIGN_STYLE = Automatic;
				CURRENT_PROJECT_VERSION = 1;
				GENERATE_INFOPLIST_FILE = YES;
				LD_RUNPATH_SEARCH_PATHS = (
					"$(inherited)",
					"@executable_path/../Frameworks",
					"@loader_path/../Frameworks",
				);
				MACOSX_DEPLOYMENT_TARGET = 14.0;
				PRODUCT_BUNDLE_IDENTIFIER = com.example.pulseTests;
				PRODUCT_NAME = "$(TARGET_NAME)";
				SWIFT_VERSION = 5.0;
				TEST_HOST = "$(BUILT_PRODUCTS_DIR)/Pulse.app/$(BUNDLE_EXECUTABLE_FOLDER_PATH)/Pulse";
			};
			name = Debug;
		};
		10000000000000000000000D /* Release */ = {
			isa = XCBuildConfiguration;
			buildSettings = {
				BUNDLE_LOADER = "$(TEST_HOST)";
				CODE_SIGN_STYLE = Automatic;
				CURRENT_PROJECT_VERSION = 1;
				GENERATE_INFOPLIST_FILE = YES;
				LD_RUNPATH_SEARCH_PATHS = (
					"$(inherited)",
					"@executable_path/../Frameworks",
					"@loader_path/../Frameworks",
				);
				MACOSX_DEPLOYMENT_TARGET = 14.0;
				PRODUCT_BUNDLE_IDENTIFIER = com.example.pulseTests;
				PRODUCT_NAME = "$(TARGET_NAME)";
				SWIFT_VERSION = 5.0;
				TEST_HOST = "$(BUILT_PRODUCTS_DIR)/Pulse.app/$(BUNDLE_EXECUTABLE_FOLDER_PATH)/Pulse";
			};
			name = Release;
		};
		AA00000100000000000000BB /* Debug */ = {
			isa = XCBuildConfiguration;
			buildSettings = {
				ALWAYS_SEARCH_USER_PATHS = NO;
				ASSETCATALOG_COMPILER_GENERATE_SWIFT_ASSET_SYMBOL_EXTENSIONS = YES;
				CLANG_ANALYZER_NONNULL = YES;
				CLANG_ANALYZER_NUMBER_OBJECT_CONVERSION = YES_AGGRESSIVE;
				CLANG_CXX_LANGUAGE_STANDARD = "gnu++20";
				CLANG_ENABLE_MODULES = YES;
				CLANG_ENABLE_OBJC_ARC = YES;
				CLANG_ENABLE_OBJC_WEAK = YES;
				CLANG_WARN_BLOCK_CAPTURE_AUTORELEASING = YES;
				CLANG_WARN_BOOL_CONVERSION = YES;
				CLANG_WARN_COMMA = YES;
				CLANG_WARN_CONSTANT_CONVERSION = YES;
				CLANG_WARN_DEPRECATED_OBJC_IMPLEMENTATIONS = YES;
				CLANG_WARN_DIRECT_OBJC_ISA_USAGE = YES_ERROR;
				CLANG_WARN_DOCUMENTATION_COMMENTS = YES;
				CLANG_WARN_EMPTY_BODY = YES;
				CLANG_WARN_ENUM_CONVERSION = YES;
				CLANG_WARN_INFINITE_RECURSION = YES;
				CLANG_WARN_INT_CONVERSION = YES;
				CLANG_WARN_NON_LITERAL_NULL_CONVERSION = YES;
				CLANG_WARN_OBJC_IMPLICIT_RETAIN_CYCLE = YES;
				CLANG_WARN_OBJC_LITERAL_CONVERSION = YES;
				CLANG_WARN_OBJC_ROOT_CLASS = YES_ERROR;
				CLANG_WARN_QUOTED_INCLUDE_IN_FRAMEWORK_HEADER = YES;
				CLANG_WARN_RANGE_LOOP_ANALYSIS = YES;
				CLANG_WARN_STRICT_PROTOTYPES = YES;
				CLANG_WARN_SUSPICIOUS_MOVE = YES;
				CLANG_WARN_UNGUARDED_AVAILABILITY = YES_AGGRESSIVE;
				CLANG_WARN_UNREACHABLE_CODE = YES;
				CLANG_WARN__DUPLICATE_METHOD_MATCH = YES;
				COPY_PHASE_STRIP = NO;
				DEBUG_INFORMATION_FORMAT = dwarf;
				ENABLE_STRICT_OBJC_MSGSEND = YES;
				ENABLE_TESTABILITY = YES;
				ENABLE_USER_SCRIPT_SANDBOXING = YES;
				GCC_C_LANGUAGE_STANDARD = gnu17;
				GCC_DYNAMIC_NO_PIC = NO;
				GCC_NO_COMMON_BLOCKS = YES;
				GCC_OPTIMIZATION_LEVEL = 0;
				GCC_PREPROCESSOR_DEFINITIONS = (
					"DEBUG=1",
					"$(inherited)",
				);
				GCC_WARN_64_TO_32_BIT_CONVERSION = YES;
				GCC_WARN_ABOUT_RETURN_TYPE = YES_ERROR;
				GCC_WARN_UNDECLARED_SELECTOR = YES;
				GCC_WARN_UNINITIALIZED_AUTOS = YES_AGGRESSIVE;
				GCC_WARN_UNUSED_FUNCTION = YES;
				GCC_WARN_UNUSED_VARIABLE = YES;
				LOCALIZATION_PREFERS_STRING_CATALOGS = YES;
				MACOSX_DEPLOYMENT_TARGET = 14.0;
				MTL_ENABLE_DEBUG_INFO = INCLUDE_SOURCE;
				MTL_FAST_MATH = YES;
				ONLY_ACTIVE_ARCH = YES;
				SDKROOT = macosx;
				SWIFT_ACTIVE_COMPILATION_CONDITIONS = "DEBUG $(inherited)";
				SWIFT_OPTIMIZATION_LEVEL = "-Onone";
			};
			name = Debug;
		};
		AA00000100000000000000BC /* Release */ = {
			isa = XCBuildConfiguration;
			buildSettings = {
				ALWAYS_SEARCH_USER_PATHS = NO;
				ASSETCATALOG_COMPILER_GENERATE_SWIFT_ASSET_SYMBOL_EXTENSIONS = YES;
				CLANG_ANALYZER_NONNULL = YES;
				CLANG_ANALYZER_NUMBER_OBJECT_CONVERSION = YES_AGGRESSIVE;
				CLANG_CXX_LANGUAGE_STANDARD = "gnu++20";
				CLANG_ENABLE_MODULES = YES;
				CLANG_ENABLE_OBJC_ARC = YES;
				CLANG_ENABLE_OBJC_WEAK = YES;
				CLANG_WARN_BLOCK_CAPTURE_AUTORELEASING = YES;
				CLANG_WARN_BOOL_CONVERSION = YES;
				CLANG_WARN_COMMA = YES;
				CLANG_WARN_CONSTANT_CONVERSION = YES;
				CLANG_WARN_DEPRECATED_OBJC_IMPLEMENTATIONS = YES;
				CLANG_WARN_DIRECT_OBJC_ISA_USAGE = YES_ERROR;
				CLANG_WARN_DOCUMENTATION_COMMENTS = YES;
				CLANG_WARN_EMPTY_BODY = YES;
				CLANG_WARN_ENUM_CONVERSION = YES;
				CLANG_WARN_INFINITE_RECURSION = YES;
				CLANG_WARN_INT_CONVERSION = YES;
				CLANG_WARN_NON_LITERAL_NULL_CONVERSION = YES;
				CLANG_WARN_OBJC_IMPLICIT_RETAIN_CYCLE = YES;
				CLANG_WARN_OBJC_LITERAL_CONVERSION = YES;
				CLANG_WARN_OBJC_ROOT_CLASS = YES_ERROR;
				CLANG_WARN_QUOTED_INCLUDE_IN_FRAMEWORK_HEADER = YES;
				CLANG_WARN_RANGE_LOOP_ANALYSIS = YES;
				CLANG_WARN_STRICT_PROTOTYPES = YES;
				CLANG_WARN_SUSPICIOUS_MOVE = YES;
				CLANG_WARN_UNGUARDED_AVAILABILITY = YES_AGGRESSIVE;
				CLANG_WARN_UNREACHABLE_CODE = YES;
				CLANG_WARN__DUPLICATE_METHOD_MATCH = YES;
				COPY_PHASE_STRIP = NO;
				DEBUG_INFORMATION_FORMAT = "dwarf-with-dsym";
				ENABLE_NS_ASSERTIONS = NO;
				ENABLE_STRICT_OBJC_MSGSEND = YES;
				ENABLE_USER_SCRIPT_SANDBOXING = YES;
				GCC_C_LANGUAGE_STANDARD = gnu17;
				GCC_NO_COMMON_BLOCKS = YES;
				GCC_WARN_64_TO_32_BIT_CONVERSION = YES;
				GCC_WARN_ABOUT_RETURN_TYPE = YES_ERROR;
				GCC_WARN_UNDECLARED_SELECTOR = YES;
				GCC_WARN_UNINITIALIZED_AUTOS = YES_AGGRESSIVE;
				GCC_WARN_UNUSED_FUNCTION = YES;
				GCC_WARN_UNUSED_VARIABLE = YES;
				LOCALIZATION_PREFERS_STRING_CATALOGS = YES;
				MACOSX_DEPLOYMENT_TARGET = 14.0;
				MTL_FAST_MATH = YES;
				SDKROOT = macosx;
				SWIFT_COMPILATION_MODE = wholemodule;
			};
			name = Release;
		};
		AA00000100000000000000BD /* Debug */ = {
			isa = XCBuildConfiguration;
			buildSettings = {
				ASSETCATALOG_COMPILER_APPICON_NAME = AppIcon;
				ASSETCATALOG_COMPILER_GLOBAL_ACCENT_COLOR_NAME = AccentColor;
				CODE_SIGN_ENTITLEMENTS = "";
				CODE_SIGN_STYLE = Automatic;
				COMBINE_HIDPI_IMAGES = YES;
				CURRENT_PROJECT_VERSION = 2;
				GENERATE_INFOPLIST_FILE = NO;
				INFOPLIST_FILE = pulse/Info.plist;
				LD_RUNPATH_SEARCH_PATHS = (
					"$(inherited)",
					"@executable_path/../Frameworks",
				);
				MACOSX_DEPLOYMENT_TARGET = 14.0;
				MARKETING_VERSION = 1.7.1;
				PRODUCT_BUNDLE_IDENTIFIER = com.example.pulse;
				PRODUCT_NAME = Pulse;
				SWIFT_EMIT_LOC_STRINGS = YES;
				SWIFT_VERSION = 5.0;
			};
			name = Debug;
		};
		AA00000100000000000000BE /* Release */ = {
			isa = XCBuildConfiguration;
			buildSettings = {
				ASSETCATALOG_COMPILER_APPICON_NAME = AppIcon;
				ASSETCATALOG_COMPILER_GLOBAL_ACCENT_COLOR_NAME = AccentColor;
				CODE_SIGN_ENTITLEMENTS = "";
				CODE_SIGN_STYLE = Automatic;
				COMBINE_HIDPI_IMAGES = YES;
				CURRENT_PROJECT_VERSION = 2;
				GENERATE_INFOPLIST_FILE = NO;
				INFOPLIST_FILE = pulse/Info.plist;
				LD_RUNPATH_SEARCH_PATHS = (
					"$(inherited)",
					"@executable_path/../Frameworks",
				);
				MACOSX_DEPLOYMENT_TARGET = 14.0;
				MARKETING_VERSION = 1.7.1;
				PRODUCT_BUNDLE_IDENTIFIER = com.example.pulse;
				PRODUCT_NAME = Pulse;
				SWIFT_EMIT_LOC_STRINGS = YES;
				SWIFT_VERSION = 5.0;
			};
			name = Release;
		};
/* End XCBuildConfiguration section */

/* Begin XCConfigurationList section */
		100000000000000000000008 /* Build configuration list for PBXNativeTarget "pulseTests" */ = {
			isa = XCConfigurationList;
			buildConfigurations = (
				10000000000000000000000C /* Debug */,
				10000000000000000000000D /* Release */,
			);
			defaultConfigurationIsVisible = 0;
			defaultConfigurationName = Release;
		};
		AA00000100000000000000BA /* Build configuration list for PBXNativeTarget "pulse" */ = {
			isa = XCConfigurationList;
			buildConfigurations = (
				AA00000100000000000000BD /* Debug */,
				AA00000100000000000000BE /* Release */,
			);
			defaultConfigurationIsVisible = 0;
			defaultConfigurationName = Release;
		};
		AA00000100000000000000FA /* Build configuration list for PBXProject "pulse" */ = {
			isa = XCConfigurationList;
			buildConfigurations = (
				AA00000100000000000000BB /* Debug */,
				AA00000100000000000000BC /* Release */,
			);
			defaultConfigurationIsVisible = 0;
			defaultConfigurationName = Release;
		};
/* End XCConfigurationList section */
	};
	rootObject = AA00000100000000000000EA /* Project object */;
}
